<?xml version="1.0" encoding="utf-8"?>
<Project ToolsVersion="18.0" xmlns="http://schemas.microsoft.com/developer/msbuild/2003">
  <ItemGroup>
    <CustomBuild Include="C:\Users\evo_l\Downloads\NSYCef\omp-cef\build-x86\CMakeFiles\3d2e44cd6181bb18c9e38b1661cdba31\INSTALL_force.rule">
      <Filter>CMake Rules</Filter>
    </CustomBuild>
  </ItemGroup>
  <ItemGroup>
    <Filter Include="CMake Rules">
      <UniqueIdentifier>{4C1DBF51-A248-3B4C-9790-CFAB2622E8B5}</UniqueIdentifier>
    </Filter>
  </ItemGroup>
</Project>
