<?xml version="1.0" encoding="utf-8"?>
<Project ToolsVersion="18.0" xmlns="http://schemas.microsoft.com/developer/msbuild/2003">
  <ItemGroup>
    <ClCompile Include="C:\Users\evo_l\Downloads\NSYCef\omp-cef\deps\kcp\ikcp.c">
      <Filter>Source Files</Filter>
    </ClCompile>
  </ItemGroup>
  <ItemGroup>
    <CustomBuild Include="C:\Users\evo_l\Downloads\NSYCef\omp-cef\deps\kcp\CMakeLists.txt" />
  </ItemGroup>
  <ItemGroup>
    <Filter Include="Source Files">
      <UniqueIdentifier>{D56327D9-4CEB-362A-8BD2-7B29428D04DE}</UniqueIdentifier>
    </Filter>
  </ItemGroup>
</Project>
